
Microsoft Visual Studio Solution File, Format Version 11.00
# Visual Studio 2010
Project("{FAE04EC0-301F-11D3-BF4B-00C04F79EFBC}") = "GChart", "GChart\GChart.csproj", "{83B5C89D-B451-4A25-99DC-C45E85AB206F}"
EndProject
Project("{FAE04EC0-301F-11D3-BF4B-00C04F79EFBC}") = "Test", "Test\Test.csproj", "{6C710679-588F-424F-B22A-FA5073052F24}"
EndProject
Project("{2150E333-8FDC-42A3-9474-1A3956D46DE8}") = "Solution Items", "Solution Items", "{0FDCA70F-CAC4-4883-9A09-554F7F00C686}"
	ProjectSection(SolutionItems) = preProject
		GChart.vsmdi = GChart.vsmdi
		Local.testsettings = Local.testsettings
		TraceAndTestImpact.testsettings = TraceAndTestImpact.testsettings
	EndProjectSection
EndProject
Global
	GlobalSection(TestCaseManagementSettings) = postSolution
		CategoryFile = GChart.vsmdi
	EndGlobalSection
	GlobalSection(SolutionConfigurationPlatforms) = preSolution
		Debug|Any CPU = Debug|Any CPU
		Release|Any CPU = Release|Any CPU
	EndGlobalSection
	GlobalSection(ProjectConfigurationPlatforms) = postSolution
		{83B5C89D-B451-4A25-99DC-C45E85AB206F}.Debug|Any CPU.ActiveCfg = Debug|Any CPU
		{83B5C89D-B451-4A25-99DC-C45E85AB206F}.Debug|Any CPU.Build.0 = Debug|Any CPU
		{83B5C89D-B451-4A25-99DC-C45E85AB206F}.Release|Any CPU.ActiveCfg = Release|Any CPU
		{83B5C89D-B451-4A25-99DC-C45E85AB206F}.Release|Any CPU.Build.0 = Release|Any CPU
		{6C710679-588F-424F-B22A-FA5073052F24}.Debug|Any CPU.ActiveCfg = Debug|Any CPU
		{6C710679-588F-424F-B22A-FA5073052F24}.Debug|Any CPU.Build.0 = Debug|Any CPU
		{6C710679-588F-424F-B22A-FA5073052F24}.Release|Any CPU.ActiveCfg = Release|Any CPU
		{6C710679-588F-424F-B22A-FA5073052F24}.Release|Any CPU.Build.0 = Release|Any CPU
	EndGlobalSection
	GlobalSection(SolutionProperties) = preSolution
		HideSolutionNode = FALSE
	EndGlobalSection
EndGlobal
